// !$*UTF8*$!
{
	archiveVersion = 1;
	classes = {
	};
	objectVersion = 46;
	objects = {

/* Begin PBXBuildFile section */
		9593CE3E1C135D1600D45B22 /* AppDelegate.swift in Sources */ = {isa = PBXBuildFile; fileRef = 9593CE3D1C135D1600D45B22 /* AppDelegate.swift */; };
		9593CE401C135D1600D45B22 /* ViewController.swift in Sources */ = {isa = PBXBuildFile; fileRef = 9593CE3F1C135D1600D45B22 /* ViewController.swift */; };
		9593CE431C135D1600D45B22 /* Main.storyboard in Resources */ = {isa = PBXBuildFile; fileRef = 9593CE411C135D1600D45B22 /* Main.storyboard */; };
		9593CE451C135D1600D45B22 /* Assets.xcassets in Resources */ = {isa = PBXBuildFile; fileRef = 9593CE441C135D1600D45B22 /* Assets.xcassets */; };
		9593CE481C135D1600D45B22 /* LaunchScreen.storyboard in Resources */ = {isa = PBXBuildFile; fileRef = 9593CE461C135D1600D45B22 /* LaunchScreen.storyboard */; };
		9593CE501C13686A00D45B22 /* NSUserDefaults.swift in Sources */ = {isa = PBXBuildFile; fileRef = 9593CE4F1C13686A00D45B22 /* NSUserDefaults.swift */; };
		9593CE6B1C136C4A00D45B22 /* BluetoothManager.swift in Sources */ = {isa = PBXBuildFile; fileRef = 9593CE5A1C136C4A00D45B22 /* BluetoothManager.swift */; };
		9593CE6C1C136C4A00D45B22 /* BluetoothServices.swift in Sources */ = {isa = PBXBuildFile; fileRef = 9593CE5B1C136C4A00D45B22 /* BluetoothServices.swift */; };
		9593CE6D1C136C4A00D45B22 /* AuthChallengeRxMessage.swift in Sources */ = {isa = PBXBuildFile; fileRef = 9593CE5D1C136C4A00D45B22 /* AuthChallengeRxMessage.swift */; };
		9593CE6E1C136C4A00D45B22 /* AuthChallengeTxMessage.swift in Sources */ = {isa = PBXBuildFile; fileRef = 9593CE5E1C136C4A00D45B22 /* AuthChallengeTxMessage.swift */; };
		9593CE6F1C136C4A00D45B22 /* AuthRequestTxMessage.swift in Sources */ = {isa = PBXBuildFile; fileRef = 9593CE5F1C136C4A00D45B22 /* AuthRequestTxMessage.swift */; };
		9593CE701C136C4A00D45B22 /* AuthStatusRxMessage.swift in Sources */ = {isa = PBXBuildFile; fileRef = 9593CE601C136C4A00D45B22 /* AuthStatusRxMessage.swift */; };
		9593CE711C136C4A00D45B22 /* BondRequestTxMessage.swift in Sources */ = {isa = PBXBuildFile; fileRef = 9593CE611C136C4A00D45B22 /* BondRequestTxMessage.swift */; };
		9593CE721C136C4A00D45B22 /* DisconnectTxMessage.swift in Sources */ = {isa = PBXBuildFile; fileRef = 9593CE621C136C4A00D45B22 /* DisconnectTxMessage.swift */; };
		9593CE731C136C4A00D45B22 /* GlucoseRxMessage.swift in Sources */ = {isa = PBXBuildFile; fileRef = 9593CE631C136C4A00D45B22 /* GlucoseRxMessage.swift */; };
		9593CE741C136C4A00D45B22 /* GlucoseTxMessage.swift in Sources */ = {isa = PBXBuildFile; fileRef = 9593CE641C136C4A00D45B22 /* GlucoseTxMessage.swift */; };
		9593CE751C136C4A00D45B22 /* KeepAliveTxMessage.swift in Sources */ = {isa = PBXBuildFile; fileRef = 9593CE651C136C4A00D45B22 /* KeepAliveTxMessage.swift */; };
		9593CE761C136C4A00D45B22 /* TransmitterMessage.swift in Sources */ = {isa = PBXBuildFile; fileRef = 9593CE661C136C4A00D45B22 /* TransmitterMessage.swift */; };
		9593CE771C136C4A00D45B22 /* TransmitterTimeRxMessage.swift in Sources */ = {isa = PBXBuildFile; fileRef = 9593CE671C136C4A00D45B22 /* TransmitterTimeRxMessage.swift */; };
		9593CE781C136C4A00D45B22 /* TransmitterTimeTxMessage.swift in Sources */ = {isa = PBXBuildFile; fileRef = 9593CE681C136C4A00D45B22 /* TransmitterTimeTxMessage.swift */; };
		9593CE791C136C4A00D45B22 /* NSData.swift in Sources */ = {isa = PBXBuildFile; fileRef = 9593CE691C136C4A00D45B22 /* NSData.swift */; };
		9593CE7A1C136C4A00D45B22 /* Transmitter.swift in Sources */ = {isa = PBXBuildFile; fileRef = 9593CE6A1C136C4A00D45B22 /* Transmitter.swift */; };
/* End PBXBuildFile section */

/* Begin PBXFileReference section */
		9593CE3A1C135D1600D45B22 /* glucose-badge.app */ = {isa = PBXFileReference; explicitFileType = wrapper.application; includeInIndex = 0; path = "glucose-badge.app"; sourceTree = BUILT_PRODUCTS_DIR; };
		9593CE3D1C135D1600D45B22 /* AppDelegate.swift */ = {isa = PBXFileReference; lastKnownFileType = sourcecode.swift; path = AppDelegate.swift; sourceTree = "<group>"; };
		9593CE3F1C135D1600D45B22 /* ViewController.swift */ = {isa = PBXFileReference; lastKnownFileType = sourcecode.swift; path = ViewController.swift; sourceTree = "<group>"; };
		9593CE421C135D1600D45B22 /* Base */ = {isa = PBXFileReference; lastKnownFileType = file.storyboard; name = Base; path = Base.lproj/Main.storyboard; sourceTree = "<group>"; };
		9593CE441C135D1600D45B22 /* Assets.xcassets */ = {isa = PBXFileReference; lastKnownFileType = folder.assetcatalog; path = Assets.xcassets; sourceTree = "<group>"; };
		9593CE471C135D1600D45B22 /* Base */ = {isa = PBXFileReference; lastKnownFileType = file.storyboard; name = Base; path = Base.lproj/LaunchScreen.storyboard; sourceTree = "<group>"; };
		9593CE491C135D1600D45B22 /* Info.plist */ = {isa = PBXFileReference; lastKnownFileType = text.plist.xml; path = Info.plist; sourceTree = "<group>"; };
		9593CE4F1C13686A00D45B22 /* NSUserDefaults.swift */ = {isa = PBXFileReference; fileEncoding = 4; lastKnownFileType = sourcecode.swift; path = NSUserDefaults.swift; sourceTree = "<group>"; };
		9593CE5A1C136C4A00D45B22 /* BluetoothManager.swift */ = {isa = PBXFileReference; fileEncoding = 4; lastKnownFileType = sourcecode.swift; path = BluetoothManager.swift; sourceTree = "<group>"; };
		9593CE5B1C136C4A00D45B22 /* BluetoothServices.swift */ = {isa = PBXFileReference; fileEncoding = 4; lastKnownFileType = sourcecode.swift; path = BluetoothServices.swift; sourceTree = "<group>"; };
		9593CE5D1C136C4A00D45B22 /* AuthChallengeRxMessage.swift */ = {isa = PBXFileReference; fileEncoding = 4; lastKnownFileType = sourcecode.swift; path = AuthChallengeRxMessage.swift; sourceTree = "<group>"; };
		9593CE5E1C136C4A00D45B22 /* AuthChallengeTxMessage.swift */ = {isa = PBXFileReference; fileEncoding = 4; lastKnownFileType = sourcecode.swift; path = AuthChallengeTxMessage.swift; sourceTree = "<group>"; };
		9593CE5F1C136C4A00D45B22 /* AuthRequestTxMessage.swift */ = {isa = PBXFileReference; fileEncoding = 4; lastKnownFileType = sourcecode.swift; path = AuthRequestTxMessage.swift; sourceTree = "<group>"; };
		9593CE601C136C4A00D45B22 /* AuthStatusRxMessage.swift */ = {isa = PBXFileReference; fileEncoding = 4; lastKnownFileType = sourcecode.swift; path = AuthStatusRxMessage.swift; sourceTree = "<group>"; };
		9593CE611C136C4A00D45B22 /* BondRequestTxMessage.swift */ = {isa = PBXFileReference; fileEncoding = 4; lastKnownFileType = sourcecode.swift; path = BondRequestTxMessage.swift; sourceTree = "<group>"; };
		9593CE621C136C4A00D45B22 /* DisconnectTxMessage.swift */ = {isa = PBXFileReference; fileEncoding = 4; lastKnownFileType = sourcecode.swift; path = DisconnectTxMessage.swift; sourceTree = "<group>"; };
		9593CE631C136C4A00D45B22 /* GlucoseRxMessage.swift */ = {isa = PBXFileReference; fileEncoding = 4; lastKnownFileType = sourcecode.swift; path = GlucoseRxMessage.swift; sourceTree = "<group>"; };
		9593CE641C136C4A00D45B22 /* GlucoseTxMessage.swift */ = {isa = PBXFileReference; fileEncoding = 4; lastKnownFileType = sourcecode.swift; path = GlucoseTxMessage.swift; sourceTree = "<group>"; };
		9593CE651C136C4A00D45B22 /* KeepAliveTxMessage.swift */ = {isa = PBXFileReference; fileEncoding = 4; lastKnownFileType = sourcecode.swift; path = KeepAliveTxMessage.swift; sourceTree = "<group>"; };
		9593CE661C136C4A00D45B22 /* TransmitterMessage.swift */ = {isa = PBXFileReference; fileEncoding = 4; lastKnownFileType = sourcecode.swift; path = TransmitterMessage.swift; sourceTree = "<group>"; };
		9593CE671C136C4A00D45B22 /* TransmitterTimeRxMessage.swift */ = {isa = PBXFileReference; fileEncoding = 4; lastKnownFileType = sourcecode.swift; path = TransmitterTimeRxMessage.swift; sourceTree = "<group>"; };
		9593CE681C136C4A00D45B22 /* TransmitterTimeTxMessage.swift */ = {isa = PBXFileReference; fileEncoding = 4; lastKnownFileType = sourcecode.swift; path = TransmitterTimeTxMessage.swift; sourceTree = "<group>"; };
		9593CE691C136C4A00D45B22 /* NSData.swift */ = {isa = PBXFileReference; fileEncoding = 4; lastKnownFileType = sourcecode.swift; path = NSData.swift; sourceTree = "<group>"; };
		9593CE6A1C136C4A00D45B22 /* Transmitter.swift */ = {isa = PBXFileReference; fileEncoding = 4; lastKnownFileType = sourcecode.swift; path = Transmitter.swift; sourceTree = "<group>"; };
		9593CE7C1C1370CA00D45B22 /* glucose-badge-Bridging-Header.h */ = {isa = PBXFileReference; lastKnownFileType = sourcecode.c.h; path = "glucose-badge-Bridging-Header.h"; sourceTree = "<group>"; };
/* End PBXFileReference section */

/* Begin PBXFrameworksBuildPhase section */
		9593CE371C135D1600D45B22 /* Frameworks */ = {
			isa = PBXFrameworksBuildPhase;
			buildActionMask = 2147483647;
			files = (
			);
			runOnlyForDeploymentPostprocessing = 0;
		};
/* End PBXFrameworksBuildPhase section */

/* Begin PBXGroup section */
		9593CE311C135D1600D45B22 = {
			isa = PBXGroup;
			children = (
				9593CE3C1C135D1600D45B22 /* glucose-badge */,
				9593CE3B1C135D1600D45B22 /* Products */,
			);
			sourceTree = "<group>";
		};
		9593CE3B1C135D1600D45B22 /* Products */ = {
			isa = PBXGroup;
			children = (
				9593CE3A1C135D1600D45B22 /* glucose-badge.app */,
			);
			name = Products;
			sourceTree = "<group>";
		};
		9593CE3C1C135D1600D45B22 /* glucose-badge */ = {
			isa = PBXGroup;
			children = (
				9593CE591C136C4A00D45B22 /* xDripG5 */,
				9593CE3D1C135D1600D45B22 /* AppDelegate.swift */,
				9593CE3F1C135D1600D45B22 /* ViewController.swift */,
				9593CE411C135D1600D45B22 /* Main.storyboard */,
				9593CE441C135D1600D45B22 /* Assets.xcassets */,
				9593CE461C135D1600D45B22 /* LaunchScreen.storyboard */,
				9593CE491C135D1600D45B22 /* Info.plist */,
				9593CE4F1C13686A00D45B22 /* NSUserDefaults.swift */,
				9593CE7C1C1370CA00D45B22 /* glucose-badge-Bridging-Header.h */,
			);
			name = "glucose-badge";
			path = "glucose-badge";
			sourceTree = "<group>";
		};
		9593CE591C136C4A00D45B22 /* xDripG5 */ = {
			isa = PBXGroup;
			children = (
				9593CE5A1C136C4A00D45B22 /* BluetoothManager.swift */,
				9593CE5B1C136C4A00D45B22 /* BluetoothServices.swift */,
				9593CE5C1C136C4A00D45B22 /* Messages */,
				9593CE691C136C4A00D45B22 /* NSData.swift */,
				9593CE6A1C136C4A00D45B22 /* Transmitter.swift */,
			);
			path = xDripG5;
			sourceTree = "<group>";
		};
		9593CE5C1C136C4A00D45B22 /* Messages */ = {
			isa = PBXGroup;
			children = (
				9593CE5D1C136C4A00D45B22 /* AuthChallengeRxMessage.swift */,
				9593CE5E1C136C4A00D45B22 /* AuthChallengeTxMessage.swift */,
				9593CE5F1C136C4A00D45B22 /* AuthRequestTxMessage.swift */,
				9593CE601C136C4A00D45B22 /* AuthStatusRxMessage.swift */,
				9593CE611C136C4A00D45B22 /* BondRequestTxMessage.swift */,
				9593CE621C136C4A00D45B22 /* DisconnectTxMessage.swift */,
				9593CE631C136C4A00D45B22 /* GlucoseRxMessage.swift */,
				9593CE641C136C4A00D45B22 /* GlucoseTxMessage.swift */,
				9593CE651C136C4A00D45B22 /* KeepAliveTxMessage.swift */,
				9593CE661C136C4A00D45B22 /* TransmitterMessage.swift */,
				9593CE671C136C4A00D45B22 /* TransmitterTimeRxMessage.swift */,
				9593CE681C136C4A00D45B22 /* TransmitterTimeTxMessage.swift */,
			);
			path = Messages;
			sourceTree = "<group>";
		};
/* End PBXGroup section */

/* Begin PBXNativeTarget section */
		9593CE391C135D1600D45B22 /* glucose-badge */ = {
			isa = PBXNativeTarget;
			buildConfigurationList = 9593CE4C1C135D1600D45B22 /* Build configuration list for PBXNativeTarget "glucose-badge" */;
			buildPhases = (
				9593CE361C135D1600D45B22 /* Sources */,
				9593CE371C135D1600D45B22 /* Frameworks */,
				9593CE381C135D1600D45B22 /* Resources */,
			);
			buildRules = (
			);
			dependencies = (
			);
			name = "glucose-badge";
			productName = "glucose-badge";
			productReference = 9593CE3A1C135D1600D45B22 /* glucose-badge.app */;
			productType = "com.apple.product-type.application";
		};
/* End PBXNativeTarget section */

/* Begin PBXProject section */
		9593CE321C135D1600D45B22 /* Project object */ = {
			isa = PBXProject;
			attributes = {
				LastSwiftUpdateCheck = 0710;
				LastUpgradeCheck = 0710;
				ORGANIZATIONNAME = gove;
				TargetAttributes = {
					9593CE391C135D1600D45B22 = {
						CreatedOnToolsVersion = 7.1.1;
						DevelopmentTeam = 9K88TG93V6;
						SystemCapabilities = {
							com.apple.BackgroundModes = {
								enabled = 1;
							};
						};
					};
				};
			};
			buildConfigurationList = 9593CE351C135D1600D45B22 /* Build configuration list for PBXProject "glucose-badge" */;
			compatibilityVersion = "Xcode 3.2";
			developmentRegion = English;
			hasScannedForEncodings = 0;
			knownRegions = (
				en,
				Base,
			);
			mainGroup = 9593CE311C135D1600D45B22;
			productRefGroup = 9593CE3B1C135D1600D45B22 /* Products */;
			projectDirPath = "";
			projectRoot = "";
			targets = (
				9593CE391C135D1600D45B22 /* glucose-badge */,
			);
		};
/* End PBXProject section */

/* Begin PBXResourcesBuildPhase section */
		9593CE381C135D1600D45B22 /* Resources */ = {
			isa = PBXResourcesBuildPhase;
			buildActionMask = 2147483647;
			files = (
				9593CE481C135D1600D45B22 /* LaunchScreen.storyboard in Resources */,
				9593CE451C135D1600D45B22 /* Assets.xcassets in Resources */,
				9593CE431C135D1600D45B22 /* Main.storyboard in Resources */,
			);
			runOnlyForDeploymentPostprocessing = 0;
		};
/* End PBXResourcesBuildPhase section */

/* Begin PBXSourcesBuildPhase section */
		9593CE361C135D1600D45B22 /* Sources */ = {
			isa = PBXSourcesBuildPhase;
			buildActionMask = 2147483647;
			files = (
				9593CE401C135D1600D45B22 /* ViewController.swift in Sources */,
				9593CE761C136C4A00D45B22 /* TransmitterMessage.swift in Sources */,
				9593CE6F1C136C4A00D45B22 /* AuthRequestTxMessage.swift in Sources */,
				9593CE6E1C136C4A00D45B22 /* AuthChallengeTxMessage.swift in Sources */,
				9593CE791C136C4A00D45B22 /* NSData.swift in Sources */,
				9593CE771C136C4A00D45B22 /* TransmitterTimeRxMessage.swift in Sources */,
				9593CE7A1C136C4A00D45B22 /* Transmitter.swift in Sources */,
				9593CE6D1C136C4A00D45B22 /* AuthChallengeRxMessage.swift in Sources */,
				9593CE711C136C4A00D45B22 /* BondRequestTxMessage.swift in Sources */,
				9593CE3E1C135D1600D45B22 /* AppDelegate.swift in Sources */,
				9593CE731C136C4A00D45B22 /* GlucoseRxMessage.swift in Sources */,
				9593CE701C136C4A00D45B22 /* AuthStatusRxMessage.swift in Sources */,
				9593CE6B1C136C4A00D45B22 /* BluetoothManager.swift in Sources */,
				9593CE741C136C4A00D45B22 /* GlucoseTxMessage.swift in Sources */,
				9593CE781C136C4A00D45B22 /* TransmitterTimeTxMessage.swift in Sources */,
				9593CE6C1C136C4A00D45B22 /* BluetoothServices.swift in Sources */,
				9593CE721C136C4A00D45B22 /* DisconnectTxMessage.swift in Sources */,
				9593CE751C136C4A00D45B22 /* KeepAliveTxMessage.swift in Sources */,
				9593CE501C13686A00D45B22 /* NSUserDefaults.swift in Sources */,
			);
			runOnlyForDeploymentPostprocessing = 0;
		};
/* End PBXSourcesBuildPhase section */

/* Begin PBXVariantGroup section */
		9593CE411C135D1600D45B22 /* Main.storyboard */ = {
			isa = PBXVariantGroup;
			children = (
				9593CE421C135D1600D45B22 /* Base */,
			);
			name = Main.storyboard;
			sourceTree = "<group>";
		};
		9593CE461C135D1600D45B22 /* LaunchScreen.storyboard */ = {
			isa = PBXVariantGroup;
			children = (
				9593CE471C135D1600D45B22 /* Base */,
			);
			name = LaunchScreen.storyboard;
			sourceTree = "<group>";
		};
/* End PBXVariantGroup section */

/* Begin XCBuildConfiguration section */
		9593CE4A1C135D1600D45B22 /* Debug */ = {
			isa = XCBuildConfiguration;
			buildSettings = {
				ALWAYS_SEARCH_USER_PATHS = NO;
				CLANG_CXX_LANGUAGE_STANDARD = "gnu++0x";
				CLANG_CXX_LIBRARY = "libc++";
				CLANG_ENABLE_MODULES = YES;
				CLANG_ENABLE_OBJC_ARC = YES;
				CLANG_WARN_BOOL_CONVERSION = YES;
				CLANG_WARN_CONSTANT_CONVERSION = YES;
				CLANG_WARN_DIRECT_OBJC_ISA_USAGE = YES_ERROR;
				CLANG_WARN_EMPTY_BODY = YES;
				CLANG_WARN_ENUM_CONVERSION = YES;
				CLANG_WARN_INT_CONVERSION = YES;
				CLANG_WARN_OBJC_ROOT_CLASS = YES_ERROR;
				CLANG_WARN_UNREACHABLE_CODE = YES;
				CLANG_WARN__DUPLICATE_METHOD_MATCH = YES;
				"CODE_SIGN_IDENTITY[sdk=iphoneos*]" = "iPhone Developer";
				COPY_PHASE_STRIP = NO;
				DEBUG_INFORMATION_FORMAT = dwarf;
				ENABLE_STRICT_OBJC_MSGSEND = YES;
				ENABLE_TESTABILITY = YES;
				GCC_C_LANGUAGE_STANDARD = gnu99;
				GCC_DYNAMIC_NO_PIC = NO;
				GCC_NO_COMMON_BLOCKS = YES;
				GCC_OPTIMIZATION_LEVEL = 0;
				GCC_PREPROCESSOR_DEFINITIONS = (
					"DEBUG=1",
					"$(inherited)",
				);
				GCC_WARN_64_TO_32_BIT_CONVERSION = YES;
				GCC_WARN_ABOUT_RETURN_TYPE = YES_ERROR;
				GCC_WARN_UNDECLARED_SELECTOR = YES;
				GCC_WARN_UNINITIALIZED_AUTOS = YES_AGGRESSIVE;
				GCC_WARN_UNUSED_FUNCTION = YES;
				GCC_WARN_UNUSED_VARIABLE = YES;
				IPHONEOS_DEPLOYMENT_TARGET = 9.1;
				MTL_ENABLE_DEBUG_INFO = YES;
				ONLY_ACTIVE_ARCH = YES;
				SDKROOT = iphoneos;
				SWIFT_OPTIMIZATION_LEVEL = "-Onone";
			};
			name = Debug;
		};
		9593CE4B1C135D1600D45B22 /* Release */ = {
			isa = XCBuildConfiguration;
			buildSettings = {
				ALWAYS_SEARCH_USER_PATHS = NO;
				CLANG_CXX_LANGUAGE_STANDARD = "gnu++0x";
				CLANG_CXX_LIBRARY = "libc++";
				CLANG_ENABLE_MODULES = YES;
				CLANG_ENABLE_OBJC_ARC = YES;
				CLANG_WARN_BOOL_CONVERSION = YES;
				CLANG_WARN_CONSTANT_CONVERSION = YES;
				CLANG_WARN_DIRECT_OBJC_ISA_USAGE = YES_ERROR;
				CLANG_WARN_EMPTY_BODY = YES;
				CLANG_WARN_ENUM_CONVERSION = YES;
				CLANG_WARN_INT_CONVERSION = YES;
				CLANG_WARN_OBJC_ROOT_CLASS = YES_ERROR;
				CLANG_WARN_UNREACHABLE_CODE = YES;
				CLANG_WARN__DUPLICATE_METHOD_MATCH = YES;
				"CODE_SIGN_IDENTITY[sdk=iphoneos*]" = "iPhone Developer";
				COPY_PHASE_STRIP = NO;
				DEBUG_INFORMATION_FORMAT = "dwarf-with-dsym";
				ENABLE_NS_ASSERTIONS = NO;
				ENABLE_STRICT_OBJC_MSGSEND = YES;
				GCC_C_LANGUAGE_STANDARD = gnu99;
				GCC_NO_COMMON_BLOCKS = YES;
				GCC_WARN_64_TO_32_BIT_CONVERSION = YES;
				GCC_WARN_ABOUT_RETURN_TYPE = YES_ERROR;
				GCC_WARN_UNDECLARED_SELECTOR = YES;
				GCC_WARN_UNINITIALIZED_AUTOS = YES_AGGRESSIVE;
				GCC_WARN_UNUSED_FUNCTION = YES;
				GCC_WARN_UNUSED_VARIABLE = YES;
				IPHONEOS_DEPLOYMENT_TARGET = 9.1;
				MTL_ENABLE_DEBUG_INFO = NO;
				SDKROOT = iphoneos;
				VALIDATE_PRODUCT = YES;
			};
			name = Release;
		};
		9593CE4D1C135D1600D45B22 /* Debug */ = {
			isa = XCBuildConfiguration;
			buildSettings = {
				ASSETCATALOG_COMPILER_APPICON_NAME = AppIcon;
				CLANG_ENABLE_MODULES = YES;
				INFOPLIST_FILE = "glucose-badge/Info.plist";
				LD_RUNPATH_SEARCH_PATHS = "$(inherited) @executable_path/Frameworks";
				PRODUCT_BUNDLE_IDENTIFIER = "com.gove.glucose-badge";
				PRODUCT_NAME = "glucose-badge";
				SWIFT_OBJC_BRIDGING_HEADER = "glucose-badge/glucose-badge-Bridging-Header.h";
				SWIFT_OPTIMIZATION_LEVEL = "-Onone";
			};
			name = Debug;
		};
		9593CE4E1C135D1600D45B22 /* Release */ = {
			isa = XCBuildConfiguration;
			buildSettings = {
				ASSETCATALOG_COMPILER_APPICON_NAME = AppIcon;
				CLANG_ENABLE_MODULES = YES;
				INFOPLIST_FILE = "glucose-badge/Info.plist";
				LD_RUNPATH_SEARCH_PATHS = "$(inherited) @executable_path/Frameworks";
				PRODUCT_BUNDLE_IDENTIFIER = "com.gove.glucose-badge";
				PRODUCT_NAME = "glucose-badge";
				SWIFT_OBJC_BRIDGING_HEADER = "glucose-badge/glucose-badge-Bridging-Header.h";
			};
			name = Release;
		};
/* End XCBuildConfiguration section */

/* Begin XCConfigurationList section */
		9593CE351C135D1600D45B22 /* Build configuration list for PBXProject "glucose-badge" */ = {
			isa = XCConfigurationList;
			buildConfigurations = (
				9593CE4A1C135D1600D45B22 /* Debug */,
				9593CE4B1C135D1600D45B22 /* Release */,
			);
			defaultConfigurationIsVisible = 0;
			defaultConfigurationName = Release;
		};
		9593CE4C1C135D1600D45B22 /* Build configuration list for PBXNativeTarget "glucose-badge" */ = {
			isa = XCConfigurationList;
			buildConfigurations = (
				9593CE4D1C135D1600D45B22 /* Debug */,
				9593CE4E1C135D1600D45B22 /* Release */,
			);
			defaultConfigurationIsVisible = 0;
		};
/* End XCConfigurationList section */
	};
	rootObject = 9593CE321C135D1600D45B22 /* Project object */;
}
